
Microsoft Visual Studio Solution File, Format Version 12.00
# Visual Studio Version 17
VisualStudioVersion = 17.5.33502.453
MinimumVisualStudioVersion = 10.0.40219.1
Project("{FAE04EC0-301F-11D3-BF4B-00C04F79EFBC}") = "PasswordGenerator", "PasswordGenerator.csproj", "{C7314417-0B26-4265-9C91-D5081AE37EB6}"
EndProject
Global
	GlobalSection(SolutionConfigurationPlatforms) = preSolution
		Debug|Any CPU = Debug|Any CPU
		Release|Any CPU = Release|Any CPU
	EndGlobalSection
	GlobalSection(ProjectConfigurationPlatforms) = postSolution
		{C7314417-0B26-4265-9C91-D5081AE37EB6}.Debug|Any CPU.ActiveCfg = Debug|Any CPU
		{C7314417-0B26-4265-9C91-D5081AE37EB6}.Debug|Any CPU.Build.0 = Debug|Any CPU
		{C7314417-0B26-4265-9C91-D5081AE37EB6}.Release|Any CPU.ActiveCfg = Release|Any CPU
		{C7314417-0B26-4265-9C91-D5081AE37EB6}.Release|Any CPU.Build.0 = Release|Any CPU
	EndGlobalSection
	GlobalSection(SolutionProperties) = preSolution
		HideSolutionNode = FALSE
	EndGlobalSection
	GlobalSection(ExtensibilityGlobals) = postSolution
		SolutionGuid = {A17235FC-A02C-4B4F-81B4-68FAA539556C}
	EndGlobalSection
EndGlobal
